
Microsoft Visual Studio Solution File, Format Version 12.00
Project("{FAE04EC0-301F-11D3-BF4B-00C04F79EFBC}") = "AElf.Types", "src\AElf.Types\AElf.Types.csproj", "{4CB463FE-F1C0-4B71-BFAC-5BC19BECDFDD}"
EndProject
Project("{2150E333-8FDC-42A3-9474-1A3956D46DE8}") = "src", "src", "{8F3738C2-47F1-4B7C-9EF5-9A24D221AA44}"
EndProject
Project("{2150E333-8FDC-42A3-9474-1A3956D46DE8}") = "test", "test", "{71D56D50-7AA8-4431-ABA5-0C20FC5E9F52}"
EndProject
Project("{FAE04EC0-301F-11D3-BF4B-00C04F79EFBC}") = "AElf.Database", "src\AElf.Database\AElf.Database.csproj", "{2CE9E328-490B-4513-AA85-9335F6C02D43}"
EndProject
Project("{FAE04EC0-301F-11D3-BF4B-00C04F79EFBC}") = "AElf.Cryptography", "src\AElf.Cryptography\AElf.Cryptography.csproj", "{5DE71D86-3EE9-412C-82D9-696A6A77620A}"
EndProject
Project("{FAE04EC0-301F-11D3-BF4B-00C04F79EFBC}") = "AElf.Kernel.Types", "src\AElf.Kernel.Types\AElf.Kernel.Types.csproj", "{187E5B0F-525E-4F02-BE50-9C3ECE4EA2BE}"
EndProject
Project("{FAE04EC0-301F-11D3-BF4B-00C04F79EFBC}") = "AElf.Kernel.Core", "src\AElf.Kernel.Core\AElf.Kernel.Core.csproj", "{414EDEAF-E969-4D93-81CD-693B7EC9E883}"
EndProject
Project("{FAE04EC0-301F-11D3-BF4B-00C04F79EFBC}") = "AElf.CSharp.Core", "src\AElf.CSharp.Core\AElf.CSharp.Core.csproj", "{C20FC3B5-F18A-47D9-B461-E83972807BD6}"
EndProject
Project("{FAE04EC0-301F-11D3-BF4B-00C04F79EFBC}") = "AElf.Types.Tests", "test\AElf.Types.Tests\AElf.Types.Tests.csproj", "{AD52725D-E9DD-4420-AAFC-030BD41FE722}"
EndProject
Project("{FAE04EC0-301F-11D3-BF4B-00C04F79EFBC}") = "AElf.TestBase", "test\AElf.TestBase\AElf.TestBase.csproj", "{5F2BFC5D-BDF7-41AD-834C-5DA5B4DAE8B9}"
EndProject
Project("{FAE04EC0-301F-11D3-BF4B-00C04F79EFBC}") = "AElf.Runtime.CSharp.Tests.TestContract", "test\AElf.Runtime.CSharp.Tests.TestContract\AElf.Runtime.CSharp.Tests.TestContract.csproj", "{F398DA66-16B7-45D7-9B5E-9AE900462B66}"
EndProject
Project("{FAE04EC0-301F-11D3-BF4B-00C04F79EFBC}") = "AElf.Core", "src\AElf.Core\AElf.Core.csproj", "{6E2FE992-B862-4D44-8895-6DC38C31FB66}"
EndProject
Project("{FAE04EC0-301F-11D3-BF4B-00C04F79EFBC}") = "AElf.Kernel.Types.Tests", "test\AElf.Kernel.Types.Tests\AElf.Kernel.Types.Tests.csproj", "{A5EAB2F2-4092-4CDD-BFF6-7BE7BE03BF43}"
EndProject
Project("{FAE04EC0-301F-11D3-BF4B-00C04F79EFBC}") = "AElf.Kernel.TestBase", "test\AElf.Kernel.TestBase\AElf.Kernel.TestBase.csproj", "{A92C9F17-B8B7-4372-A331-9AA7305CD033}"
EndProject
Project("{FAE04EC0-301F-11D3-BF4B-00C04F79EFBC}") = "AElf.Kernel.Core.Tests", "test\AElf.Kernel.Core.Tests\AElf.Kernel.Core.Tests.csproj", "{1C5945AC-4727-441F-8C68-ABBF9BCAA869}"
EndProject
Project("{FAE04EC0-301F-11D3-BF4B-00C04F79EFBC}") = "AElf.Database.Tests", "test\AElf.Database.Tests\AElf.Database.Tests.csproj", "{EEA6B8E3-27F9-41D9-A923-F93FD10440F5}"
EndProject
Project("{FAE04EC0-301F-11D3-BF4B-00C04F79EFBC}") = "AElf.Cryptography.Tests", "test\AElf.Cryptography.Tests\AElf.Cryptography.Tests.csproj", "{4B454904-CA07-4277-8657-36572240FE89}"
EndProject
Project("{FAE04EC0-301F-11D3-BF4B-00C04F79EFBC}") = "AElf.Core.Tests", "test\AElf.Core.Tests\AElf.Core.Tests.csproj", "{01800B45-7FC6-4A6E-A511-43E3D9D5C9C2}"
EndProject
Project("{FAE04EC0-301F-11D3-BF4B-00C04F79EFBC}") = "AElf.CSharp.Core.Tests", "test\AElf.CSharp.Core.Tests\AElf.CSharp.Core.Tests.csproj", "{7049D211-C0C9-4DCE-8F26-0B8475E3D818}"
EndProject
Global
	GlobalSection(SolutionConfigurationPlatforms) = preSolution
		Debug|Any CPU = Debug|Any CPU
		Release|Any CPU = Release|Any CPU
	EndGlobalSection
	GlobalSection(ProjectConfigurationPlatforms) = postSolution
		{4CB463FE-F1C0-4B71-BFAC-5BC19BECDFDD}.Debug|Any CPU.ActiveCfg = Debug|Any CPU
		{4CB463FE-F1C0-4B71-BFAC-5BC19BECDFDD}.Debug|Any CPU.Build.0 = Debug|Any CPU
		{4CB463FE-F1C0-4B71-BFAC-5BC19BECDFDD}.Release|Any CPU.ActiveCfg = Release|Any CPU
		{4CB463FE-F1C0-4B71-BFAC-5BC19BECDFDD}.Release|Any CPU.Build.0 = Release|Any CPU
		{2CE9E328-490B-4513-AA85-9335F6C02D43}.Debug|Any CPU.ActiveCfg = Debug|Any CPU
		{2CE9E328-490B-4513-AA85-9335F6C02D43}.Debug|Any CPU.Build.0 = Debug|Any CPU
		{2CE9E328-490B-4513-AA85-9335F6C02D43}.Release|Any CPU.ActiveCfg = Release|Any CPU
		{2CE9E328-490B-4513-AA85-9335F6C02D43}.Release|Any CPU.Build.0 = Release|Any CPU
		{5DE71D86-3EE9-412C-82D9-696A6A77620A}.Debug|Any CPU.ActiveCfg = Debug|Any CPU
		{5DE71D86-3EE9-412C-82D9-696A6A77620A}.Debug|Any CPU.Build.0 = Debug|Any CPU
		{5DE71D86-3EE9-412C-82D9-696A6A77620A}.Release|Any CPU.ActiveCfg = Release|Any CPU
		{5DE71D86-3EE9-412C-82D9-696A6A77620A}.Release|Any CPU.Build.0 = Release|Any CPU
		{187E5B0F-525E-4F02-BE50-9C3ECE4EA2BE}.Debug|Any CPU.ActiveCfg = Debug|Any CPU
		{187E5B0F-525E-4F02-BE50-9C3ECE4EA2BE}.Debug|Any CPU.Build.0 = Debug|Any CPU
		{187E5B0F-525E-4F02-BE50-9C3ECE4EA2BE}.Release|Any CPU.ActiveCfg = Release|Any CPU
		{187E5B0F-525E-4F02-BE50-9C3ECE4EA2BE}.Release|Any CPU.Build.0 = Release|Any CPU
		{414EDEAF-E969-4D93-81CD-693B7EC9E883}.Debug|Any CPU.ActiveCfg = Debug|Any CPU
		{414EDEAF-E969-4D93-81CD-693B7EC9E883}.Debug|Any CPU.Build.0 = Debug|Any CPU
		{414EDEAF-E969-4D93-81CD-693B7EC9E883}.Release|Any CPU.ActiveCfg = Release|Any CPU
		{414EDEAF-E969-4D93-81CD-693B7EC9E883}.Release|Any CPU.Build.0 = Release|Any CPU
		{C20FC3B5-F18A-47D9-B461-E83972807BD6}.Debug|Any CPU.ActiveCfg = Debug|Any CPU
		{C20FC3B5-F18A-47D9-B461-E83972807BD6}.Debug|Any CPU.Build.0 = Debug|Any CPU
		{C20FC3B5-F18A-47D9-B461-E83972807BD6}.Release|Any CPU.ActiveCfg = Release|Any CPU
		{C20FC3B5-F18A-47D9-B461-E83972807BD6}.Release|Any CPU.Build.0 = Release|Any CPU
		{AD52725D-E9DD-4420-AAFC-030BD41FE722}.Debug|Any CPU.ActiveCfg = Debug|Any CPU
		{AD52725D-E9DD-4420-AAFC-030BD41FE722}.Debug|Any CPU.Build.0 = Debug|Any CPU
		{AD52725D-E9DD-4420-AAFC-030BD41FE722}.Release|Any CPU.ActiveCfg = Release|Any CPU
		{AD52725D-E9DD-4420-AAFC-030BD41FE722}.Release|Any CPU.Build.0 = Release|Any CPU
		{5F2BFC5D-BDF7-41AD-834C-5DA5B4DAE8B9}.Debug|Any CPU.ActiveCfg = Debug|Any CPU
		{5F2BFC5D-BDF7-41AD-834C-5DA5B4DAE8B9}.Debug|Any CPU.Build.0 = Debug|Any CPU
		{5F2BFC5D-BDF7-41AD-834C-5DA5B4DAE8B9}.Release|Any CPU.ActiveCfg = Release|Any CPU
		{5F2BFC5D-BDF7-41AD-834C-5DA5B4DAE8B9}.Release|Any CPU.Build.0 = Release|Any CPU
		{F398DA66-16B7-45D7-9B5E-9AE900462B66}.Debug|Any CPU.ActiveCfg = Debug|Any CPU
		{F398DA66-16B7-45D7-9B5E-9AE900462B66}.Debug|Any CPU.Build.0 = Debug|Any CPU
		{F398DA66-16B7-45D7-9B5E-9AE900462B66}.Release|Any CPU.ActiveCfg = Release|Any CPU
		{F398DA66-16B7-45D7-9B5E-9AE900462B66}.Release|Any CPU.Build.0 = Release|Any CPU
		{6E2FE992-B862-4D44-8895-6DC38C31FB66}.Debug|Any CPU.ActiveCfg = Debug|Any CPU
		{6E2FE992-B862-4D44-8895-6DC38C31FB66}.Debug|Any CPU.Build.0 = Debug|Any CPU
		{6E2FE992-B862-4D44-8895-6DC38C31FB66}.Release|Any CPU.ActiveCfg = Release|Any CPU
		{6E2FE992-B862-4D44-8895-6DC38C31FB66}.Release|Any CPU.Build.0 = Release|Any CPU
		{A5EAB2F2-4092-4CDD-BFF6-7BE7BE03BF43}.Debug|Any CPU.ActiveCfg = Debug|Any CPU
		{A5EAB2F2-4092-4CDD-BFF6-7BE7BE03BF43}.Debug|Any CPU.Build.0 = Debug|Any CPU
		{A5EAB2F2-4092-4CDD-BFF6-7BE7BE03BF43}.Release|Any CPU.ActiveCfg = Release|Any CPU
		{A5EAB2F2-4092-4CDD-BFF6-7BE7BE03BF43}.Release|Any CPU.Build.0 = Release|Any CPU
		{A92C9F17-B8B7-4372-A331-9AA7305CD033}.Debug|Any CPU.ActiveCfg = Debug|Any CPU
		{A92C9F17-B8B7-4372-A331-9AA7305CD033}.Debug|Any CPU.Build.0 = Debug|Any CPU
		{A92C9F17-B8B7-4372-A331-9AA7305CD033}.Release|Any CPU.ActiveCfg = Release|Any CPU
		{A92C9F17-B8B7-4372-A331-9AA7305CD033}.Release|Any CPU.Build.0 = Release|Any CPU
		{1C5945AC-4727-441F-8C68-ABBF9BCAA869}.Debug|Any CPU.ActiveCfg = Debug|Any CPU
		{1C5945AC-4727-441F-8C68-ABBF9BCAA869}.Debug|Any CPU.Build.0 = Debug|Any CPU
		{1C5945AC-4727-441F-8C68-ABBF9BCAA869}.Release|Any CPU.ActiveCfg = Release|Any CPU
		{1C5945AC-4727-441F-8C68-ABBF9BCAA869}.Release|Any CPU.Build.0 = Release|Any CPU
		{EEA6B8E3-27F9-41D9-A923-F93FD10440F5}.Debug|Any CPU.ActiveCfg = Debug|Any CPU
		{EEA6B8E3-27F9-41D9-A923-F93FD10440F5}.Debug|Any CPU.Build.0 = Debug|Any CPU
		{EEA6B8E3-27F9-41D9-A923-F93FD10440F5}.Release|Any CPU.ActiveCfg = Release|Any CPU
		{EEA6B8E3-27F9-41D9-A923-F93FD10440F5}.Release|Any CPU.Build.0 = Release|Any CPU
		{4B454904-CA07-4277-8657-36572240FE89}.Debug|Any CPU.ActiveCfg = Debug|Any CPU
		{4B454904-CA07-4277-8657-36572240FE89}.Debug|Any CPU.Build.0 = Debug|Any CPU
		{4B454904-CA07-4277-8657-36572240FE89}.Release|Any CPU.ActiveCfg = Release|Any CPU
		{4B454904-CA07-4277-8657-36572240FE89}.Release|Any CPU.Build.0 = Release|Any CPU
		{01800B45-7FC6-4A6E-A511-43E3D9D5C9C2}.Debug|Any CPU.ActiveCfg = Debug|Any CPU
		{01800B45-7FC6-4A6E-A511-43E3D9D5C9C2}.Debug|Any CPU.Build.0 = Debug|Any CPU
		{01800B45-7FC6-4A6E-A511-43E3D9D5C9C2}.Release|Any CPU.ActiveCfg = Release|Any CPU
		{01800B45-7FC6-4A6E-A511-43E3D9D5C9C2}.Release|Any CPU.Build.0 = Release|Any CPU
		{7049D211-C0C9-4DCE-8F26-0B8475E3D818}.Debug|Any CPU.ActiveCfg = Debug|Any CPU
		{7049D211-C0C9-4DCE-8F26-0B8475E3D818}.Debug|Any CPU.Build.0 = Debug|Any CPU
		{7049D211-C0C9-4DCE-8F26-0B8475E3D818}.Release|Any CPU.ActiveCfg = Release|Any CPU
		{7049D211-C0C9-4DCE-8F26-0B8475E3D818}.Release|Any CPU.Build.0 = Release|Any CPU
	EndGlobalSection
	GlobalSection(NestedProjects) = preSolution
		{4CB463FE-F1C0-4B71-BFAC-5BC19BECDFDD} = {8F3738C2-47F1-4B7C-9EF5-9A24D221AA44}
		{2CE9E328-490B-4513-AA85-9335F6C02D43} = {8F3738C2-47F1-4B7C-9EF5-9A24D221AA44}
		{5DE71D86-3EE9-412C-82D9-696A6A77620A} = {8F3738C2-47F1-4B7C-9EF5-9A24D221AA44}
		{187E5B0F-525E-4F02-BE50-9C3ECE4EA2BE} = {8F3738C2-47F1-4B7C-9EF5-9A24D221AA44}
		{414EDEAF-E969-4D93-81CD-693B7EC9E883} = {8F3738C2-47F1-4B7C-9EF5-9A24D221AA44}
		{C20FC3B5-F18A-47D9-B461-E83972807BD6} = {8F3738C2-47F1-4B7C-9EF5-9A24D221AA44}
		{AD52725D-E9DD-4420-AAFC-030BD41FE722} = {71D56D50-7AA8-4431-ABA5-0C20FC5E9F52}
		{5F2BFC5D-BDF7-41AD-834C-5DA5B4DAE8B9} = {71D56D50-7AA8-4431-ABA5-0C20FC5E9F52}
		{F398DA66-16B7-45D7-9B5E-9AE900462B66} = {71D56D50-7AA8-4431-ABA5-0C20FC5E9F52}
		{6E2FE992-B862-4D44-8895-6DC38C31FB66} = {8F3738C2-47F1-4B7C-9EF5-9A24D221AA44}
		{A5EAB2F2-4092-4CDD-BFF6-7BE7BE03BF43} = {71D56D50-7AA8-4431-ABA5-0C20FC5E9F52}
		{A92C9F17-B8B7-4372-A331-9AA7305CD033} = {71D56D50-7AA8-4431-ABA5-0C20FC5E9F52}
		{1C5945AC-4727-441F-8C68-ABBF9BCAA869} = {71D56D50-7AA8-4431-ABA5-0C20FC5E9F52}
		{EEA6B8E3-27F9-41D9-A923-F93FD10440F5} = {71D56D50-7AA8-4431-ABA5-0C20FC5E9F52}
		{4B454904-CA07-4277-8657-36572240FE89} = {71D56D50-7AA8-4431-ABA5-0C20FC5E9F52}
		{01800B45-7FC6-4A6E-A511-43E3D9D5C9C2} = {71D56D50-7AA8-4431-ABA5-0C20FC5E9F52}
		{7049D211-C0C9-4DCE-8F26-0B8475E3D818} = {71D56D50-7AA8-4431-ABA5-0C20FC5E9F52}
	EndGlobalSection
EndGlobal
